
Microsoft Visual Studio Solution File, Format Version 12.00
# Visual Studio Version 17
VisualStudioVersion = 17.7.34024.191
MinimumVisualStudioVersion = 10.0.40219.1
Project("{FAE04EC0-301F-11D3-BF4B-00C04F79EFBC}") = "FlapyBird", "FlapyBird\FlapyBird.csproj", "{289C36AF-D840-444B-A4E3-57F3B8DB8F25}"
EndProject
Global
	GlobalSection(SolutionConfigurationPlatforms) = preSolution
		Debug|Any CPU = Debug|Any CPU
		Release|Any CPU = Release|Any CPU
	EndGlobalSection
	GlobalSection(ProjectConfigurationPlatforms) = postSolution
		{289C36AF-D840-444B-A4E3-57F3B8DB8F25}.Debug|Any CPU.ActiveCfg = Debug|Any CPU
		{289C36AF-D840-444B-A4E3-57F3B8DB8F25}.Debug|Any CPU.Build.0 = Debug|Any CPU
		{289C36AF-D840-444B-A4E3-57F3B8DB8F25}.Release|Any CPU.ActiveCfg = Release|Any CPU
		{289C36AF-D840-444B-A4E3-57F3B8DB8F25}.Release|Any CPU.Build.0 = Release|Any CPU
	EndGlobalSection
	GlobalSection(SolutionProperties) = preSolution
		HideSolutionNode = FALSE
	EndGlobalSection
	GlobalSection(ExtensibilityGlobals) = postSolution
		SolutionGuid = {909C2A1F-8C9B-4E7C-BB17-DB9A4F0AED96}
	EndGlobalSection
EndGlobal
